// !$*UTF8*$!
{
	archiveVersion = 1;
	classes = {
	};
	objectVersion = 46;
	objects = {

/* Begin PBXBuildFile section */
		74D1F260157CAD1E000C056E /* UIKit.framework in Frameworks */ = {isa = PBXBuildFile; fileRef = 74D1F25F157CAD1E000C056E /* UIKit.framework */; };
		74D1F262157CAD1E000C056E /* Foundation.framework in Frameworks */ = {isa = PBXBuildFile; fileRef = 74D1F261157CAD1E000C056E /* Foundation.framework */; };
		74D1F264157CAD1E000C056E /* CoreGraphics.framework in Frameworks */ = {isa = PBXBuildFile; fileRef = 74D1F263157CAD1E000C056E /* CoreGraphics.framework */; };
		74D1F266157CAD1E000C056E /* CoreData.framework in Frameworks */ = {isa = PBXBuildFile; fileRef = 74D1F265157CAD1E000C056E /* CoreData.framework */; };
		74D1F26C157CAD1E000C056E /* InfoPlist.strings in Resources */ = {isa = PBXBuildFile; fileRef = 74D1F26A157CAD1E000C056E /* InfoPlist.strings */; };
		74D1F26E157CAD1E000C056E /* main.m in Sources */ = {isa = PBXBuildFile; fileRef = 74D1F26D157CAD1E000C056E /* main.m */; };
		74D1F272157CAD1E000C056E /* AppDelegate.m in Sources */ = {isa = PBXBuildFile; fileRef = 74D1F271157CAD1E000C056E /* AppDelegate.m */; };
		74D1F275157CAD1E000C056E /* MainStoryboard_iPhone.storyboard in Resources */ = {isa = PBXBuildFile; fileRef = 74D1F273157CAD1E000C056E /* MainStoryboard_iPhone.storyboard */; };
		74D1F278157CAD1E000C056E /* MainStoryboard_iPad.storyboard in Resources */ = {isa = PBXBuildFile; fileRef = 74D1F276157CAD1E000C056E /* MainStoryboard_iPad.storyboard */; };
		74D1F27B157CAD1E000C056E /* test3.xcdatamodeld in Sources */ = {isa = PBXBuildFile; fileRef = 74D1F279157CAD1E000C056E /* test3.xcdatamodeld */; };
		74D1F27E157CAD1E000C056E /* MasterViewController.m in Sources */ = {isa = PBXBuildFile; fileRef = 74D1F27D157CAD1E000C056E /* MasterViewController.m */; };
		74D1F281157CAD1E000C056E /* DetailViewController.m in Sources */ = {isa = PBXBuildFile; fileRef = 74D1F280157CAD1E000C056E /* DetailViewController.m */; };
		74D1F289157CAD1E000C056E /* SenTestingKit.framework in Frameworks */ = {isa = PBXBuildFile; fileRef = 74D1F288157CAD1E000C056E /* SenTestingKit.framework */; };
		74D1F28A157CAD1E000C056E /* UIKit.framework in Frameworks */ = {isa = PBXBuildFile; fileRef = 74D1F25F157CAD1E000C056E /* UIKit.framework */; };
		74D1F28B157CAD1E000C056E /* Foundation.framework in Frameworks */ = {isa = PBXBuildFile; fileRef = 74D1F261157CAD1E000C056E /* Foundation.framework */; };
		74D1F28C157CAD1E000C056E /* CoreData.framework in Frameworks */ = {isa = PBXBuildFile; fileRef = 74D1F265157CAD1E000C056E /* CoreData.framework */; };
		74D1F294157CAD1E000C056E /* InfoPlist.strings in Resources */ = {isa = PBXBuildFile; fileRef = 74D1F292157CAD1E000C056E /* InfoPlist.strings */; };
		74D1F297157CAD1E000C056E /* test3Tests.m in Sources */ = {isa = PBXBuildFile; fileRef = 74D1F296157CAD1E000C056E /* test3Tests.m */; };
/* End PBXBuildFile section */

/* Begin PBXContainerItemProxy section */
		74D1F28D157CAD1E000C056E /* PBXContainerItemProxy */ = {
			isa = PBXContainerItemProxy;
			containerPortal = 74D1F252157CAD1D000C056E /* Project object */;
			proxyType = 1;
			remoteGlobalIDString = 74D1F25A157CAD1E000C056E;
			remoteInfo = test3;
		};
/* End PBXContainerItemProxy section */

/* Begin PBXFileReference section */
		74D1F25B157CAD1E000C056E /* test3.app */ = {isa = PBXFileReference; explicitFileType = wrapper.application; includeInIndex = 0; path = test3.app; sourceTree = BUILT_PRODUCTS_DIR; };
		74D1F25F157CAD1E000C056E /* UIKit.framework */ = {isa = PBXFileReference; lastKnownFileType = wrapper.framework; name = UIKit.framework; path = System/Library/Frameworks/UIKit.framework; sourceTree = SDKROOT; };
		74D1F261157CAD1E000C056E /* Foundation.framework */ = {isa = PBXFileReference; lastKnownFileType = wrapper.framework; name = Foundation.framework; path = System/Library/Frameworks/Foundation.framework; sourceTree = SDKROOT; };
		74D1F263157CAD1E000C056E /* CoreGraphics.framework */ = {isa = PBXFileReference; lastKnownFileType = wrapper.framework; name = CoreGraphics.framework; path = System/Library/Frameworks/CoreGraphics.framework; sourceTree = SDKROOT; };
		74D1F265157CAD1E000C056E /* CoreData.framework */ = {isa = PBXFileReference; lastKnownFileType = wrapper.framework; name = CoreData.framework; path = System/Library/Frameworks/CoreData.framework; sourceTree = SDKROOT; };
		74D1F269157CAD1E000C056E /* test3-Info.plist */ = {isa = PBXFileReference; path = "test3-Info.plist"; sourceTree = "<group>"; };
		74D1F26B157CAD1E000C056E /* en */ = {isa = PBXFileReference; lastKnownFileType = text.plist.strings; name = en; path = en.lproj/InfoPlist.strings; sourceTree = "<group>"; };
		74D1F26D157CAD1E000C056E /* main.m */ = {isa = PBXFileReference; lastKnownFileType = sourcecode.c.objc; path = main.m; sourceTree = "<group>"; };
		74D1F26F157CAD1E000C056E /* test3-Prefix.pch */ = {isa = PBXFileReference; path = "test3-Prefix.pch"; sourceTree = "<group>"; };
		74D1F270157CAD1E000C056E /* AppDelegate.h */ = {isa = PBXFileReference; path = AppDelegate.h; sourceTree = "<group>"; };
		74D1F271157CAD1E000C056E /* AppDelegate.m */ = {isa = PBXFileReference; lastKnownFileType = sourcecode.c.objc; path = AppDelegate.m; sourceTree = "<group>"; };
		74D1F274157CAD1E000C056E /* en */ = {isa = PBXFileReference; lastKnownFileType = file.storyboard; name = en; path = en.lproj/MainStoryboard_iPhone.storyboard; sourceTree = "<group>"; };
		74D1F277157CAD1E000C056E /* en */ = {isa = PBXFileReference; lastKnownFileType = file.storyboard; name = en; path = en.lproj/MainStoryboard_iPad.storyboard; sourceTree = "<group>"; };
		74D1F27A157CAD1E000C056E /* test3.xcdatamodel */ = {isa = PBXFileReference; lastKnownFileType = wrapper.xcdatamodel; path = test3.xcdatamodel; sourceTree = "<group>"; };
		74D1F27C157CAD1E000C056E /* MasterViewController.h */ = {isa = PBXFileReference; path = MasterViewController.h; sourceTree = "<group>"; };
		74D1F27D157CAD1E000C056E /* MasterViewController.m */ = {isa = PBXFileReference; lastKnownFileType = sourcecode.c.objc; path = MasterViewController.m; sourceTree = "<group>"; };
		74D1F27F157CAD1E000C056E /* DetailViewController.h */ = {isa = PBXFileReference; path = DetailViewController.h; sourceTree = "<group>"; };
		74D1F280157CAD1E000C056E /* DetailViewController.m */ = {isa = PBXFileReference; lastKnownFileType = sourcecode.c.objc; path = DetailViewController.m; sourceTree = "<group>"; };
		74D1F287157CAD1E000C056E /* test3Tests.octest */ = {isa = PBXFileReference; explicitFileType = wrapper.cfbundle; includeInIndex = 0; path = test3Tests.octest; sourceTree = BUILT_PRODUCTS_DIR; };
		74D1F288157CAD1E000C056E /* SenTestingKit.framework */ = {isa = PBXFileReference; lastKnownFileType = wrapper.framework; name = SenTestingKit.framework; path = Library/Frameworks/SenTestingKit.framework; sourceTree = DEVELOPER_DIR; };
		74D1F291157CAD1E000C056E /* test3Tests-Info.plist */ = {isa = PBXFileReference; path = "test3Tests-Info.plist"; sourceTree = "<group>"; };
		74D1F293157CAD1E000C056E /* en */ = {isa = PBXFileReference; lastKnownFileType = text.plist.strings; name = en; path = en.lproj/InfoPlist.strings; sourceTree = "<group>"; };
		74D1F295157CAD1E000C056E /* test3Tests.h */ = {isa = PBXFileReference; path = test3Tests.h; sourceTree = "<group>"; };
		74D1F296157CAD1E000C056E /* test3Tests.m */ = {isa = PBXFileReference; lastKnownFileType = sourcecode.c.objc; path = test3Tests.m; sourceTree = "<group>"; };
/* End PBXFileReference section */

/* Begin PBXFrameworksBuildPhase section */
		74D1F258157CAD1E000C056E /* Frameworks */ = {
			isa = PBXFrameworksBuildPhase;
			buildActionMask = 2147483647;
			files = (
				74D1F260157CAD1E000C056E /* UIKit.framework in Frameworks */,
				74D1F262157CAD1E000C056E /* Foundation.framework in Frameworks */,
				74D1F264157CAD1E000C056E /* CoreGraphics.framework in Frameworks */,
				74D1F266157CAD1E000C056E /* CoreData.framework in Frameworks */,
			);
			runOnlyForDeploymentPostprocessing = 0;
		};
		74D1F283157CAD1E000C056E /* Frameworks */ = {
			isa = PBXFrameworksBuildPhase;
			buildActionMask = 2147483647;
			files = (
				74D1F289157CAD1E000C056E /* SenTestingKit.framework in Frameworks */,
				74D1F28A157CAD1E000C056E /* UIKit.framework in Frameworks */,
				74D1F28B157CAD1E000C056E /* Foundation.framework in Frameworks */,
				74D1F28C157CAD1E000C056E /* CoreData.framework in Frameworks */,
			);
			runOnlyForDeploymentPostprocessing = 0;
		};
/* End PBXFrameworksBuildPhase section */

/* Begin PBXGroup section */
		74D1F250157CAD1D000C056E = {
			isa = PBXGroup;
			children = (
				74D1F267157CAD1E000C056E /* test3 */,
				74D1F28F157CAD1E000C056E /* test3Tests */,
				74D1F25E157CAD1E000C056E /* Frameworks */,
				74D1F25C157CAD1E000C056E /* Products */,
			);
			sourceTree = "<group>";
		};
		74D1F25C157CAD1E000C056E /* Products */ = {
			isa = PBXGroup;
			children = (
				74D1F25B157CAD1E000C056E /* test3.app */,
				74D1F287157CAD1E000C056E /* test3Tests.octest */,
			);
			name = Products;
			sourceTree = "<group>";
		};
		74D1F25E157CAD1E000C056E /* Frameworks */ = {
			isa = PBXGroup;
			children = (
				74D1F25F157CAD1E000C056E /* UIKit.framework */,
				74D1F261157CAD1E000C056E /* Foundation.framework */,
				74D1F263157CAD1E000C056E /* CoreGraphics.framework */,
				74D1F265157CAD1E000C056E /* CoreData.framework */,
				74D1F288157CAD1E000C056E /* SenTestingKit.framework */,
			);
			name = Frameworks;
			sourceTree = "<group>";
		};
		74D1F267157CAD1E000C056E /* test3 */ = {
			isa = PBXGroup;
			children = (
				74D1F270157CAD1E000C056E /* AppDelegate.h */,
				74D1F271157CAD1E000C056E /* AppDelegate.m */,
				74D1F273157CAD1E000C056E /* MainStoryboard_iPhone.storyboard */,
				74D1F276157CAD1E000C056E /* MainStoryboard_iPad.storyboard */,
				74D1F27C157CAD1E000C056E /* MasterViewController.h */,
				74D1F27D157CAD1E000C056E /* MasterViewController.m */,
				74D1F27F157CAD1E000C056E /* DetailViewController.h */,
				74D1F280157CAD1E000C056E /* DetailViewController.m */,
				74D1F279157CAD1E000C056E /* test3.xcdatamodeld */,
				74D1F268157CAD1E000C056E /* Supporting Files */,
			);
			path = test3;
			sourceTree = "<group>";
		};
		74D1F268157CAD1E000C056E /* Supporting Files */ = {
			isa = PBXGroup;
			children = (
				74D1F269157CAD1E000C056E /* test3-Info.plist */,
				74D1F26A157CAD1E000C056E /* InfoPlist.strings */,
				74D1F26D157CAD1E000C056E /* main.m */,
				74D1F26F157CAD1E000C056E /* test3-Prefix.pch */,
			);
			name = "Supporting Files";
			sourceTree = "<group>";
		};
		74D1F28F157CAD1E000C056E /* test3Tests */ = {
			isa = PBXGroup;
			children = (
				74D1F295157CAD1E000C056E /* test3Tests.h */,
				74D1F296157CAD1E000C056E /* test3Tests.m */,
				74D1F290157CAD1E000C056E /* Supporting Files */,
			);
			path = test3Tests;
			sourceTree = "<group>";
		};
		74D1F290157CAD1E000C056E /* Supporting Files */ = {
			isa = PBXGroup;
			children = (
				74D1F291157CAD1E000C056E /* test3Tests-Info.plist */,
				74D1F292157CAD1E000C056E /* InfoPlist.strings */,
			);
			name = "Supporting Files";
			sourceTree = "<group>";
		};
/* End PBXGroup section */

/* Begin PBXNativeTarget section */
		74D1F25A157CAD1E000C056E /* test3 */ = {
			isa = PBXNativeTarget;
			buildConfigurationList = 74D1F29A157CAD1E000C056E /* Build configuration list for PBXNativeTarget "test3" */;
			buildPhases = (
				74D1F257157CAD1E000C056E /* Sources */,
				74D1F258157CAD1E000C056E /* Frameworks */,
				74D1F259157CAD1E000C056E /* Resources */,
			);
			buildRules = (
			);
			dependencies = (
			);
			name = test3;
			productName = test3;
			productReference = 74D1F25B157CAD1E000C056E /* test3.app */;
			productType = "com.apple.product-type.application";
		};
		74D1F286157CAD1E000C056E /* test3Tests */ = {
			isa = PBXNativeTarget;
			buildConfigurationList = 74D1F29D157CAD1E000C056E /* Build configuration list for PBXNativeTarget "test3Tests" */;
			buildPhases = (
				74D1F282157CAD1E000C056E /* Sources */,
				74D1F283157CAD1E000C056E /* Frameworks */,
				74D1F284157CAD1E000C056E /* Resources */,
				74D1F285157CAD1E000C056E /* ShellScript */,
			);
			buildRules = (
			);
			dependencies = (
				74D1F28E157CAD1E000C056E /* PBXTargetDependency */,
			);
			name = test3Tests;
			productName = test3Tests;
			productReference = 74D1F287157CAD1E000C056E /* test3Tests.octest */;
			productType = "com.apple.product-type.bundle";
		};
/* End PBXNativeTarget section */

/* Begin PBXProject section */
		74D1F252157CAD1D000C056E /* Project object */ = {
			isa = PBXProject;
			attributes = {
				LastUpgradeCheck = 0420;
				ORGANIZATIONNAME = none;
			};
			buildConfigurationList = 74D1F255157CAD1D000C056E /* Build configuration list for PBXProject "test3" */;
			compatibilityVersion = "Xcode 3.2";
			developmentRegion = English;
			hasScannedForEncodings = 0;
			knownRegions = (
				en,
			);
			mainGroup = 74D1F250157CAD1D000C056E;
			productRefGroup = 74D1F25C157CAD1E000C056E /* Products */;
			projectDirPath = "";
			projectRoot = "";
			targets = (
				74D1F25A157CAD1E000C056E /* test3 */,
				74D1F286157CAD1E000C056E /* test3Tests */,
			);
		};
/* End PBXProject section */

/* Begin PBXResourcesBuildPhase section */
		74D1F259157CAD1E000C056E /* Resources */ = {
			isa = PBXResourcesBuildPhase;
			buildActionMask = 2147483647;
			files = (
				74D1F26C157CAD1E000C056E /* InfoPlist.strings in Resources */,
				74D1F275157CAD1E000C056E /* MainStoryboard_iPhone.storyboard in Resources */,
				74D1F278157CAD1E000C056E /* MainStoryboard_iPad.storyboard in Resources */,
			);
			runOnlyForDeploymentPostprocessing = 0;
		};
		74D1F284157CAD1E000C056E /* Resources */ = {
			isa = PBXResourcesBuildPhase;
			buildActionMask = 2147483647;
			files = (
				74D1F294157CAD1E000C056E /* InfoPlist.strings in Resources */,
			);
			runOnlyForDeploymentPostprocessing = 0;
		};
/* End PBXResourcesBuildPhase section */

/* Begin PBXShellScriptBuildPhase section */
		74D1F285157CAD1E000C056E /* ShellScript */ = {
			isa = PBXShellScriptBuildPhase;
			buildActionMask = 2147483647;
			files = (
			);
			inputPaths = (
			);
			outputPaths = (
			);
			runOnlyForDeploymentPostprocessing = 0;
			shellPath = /bin/sh;
			shellScript = "# Run the unit tests in this test bundle.\n\"${SYSTEM_DEVELOPER_DIR}/Tools/RunUnitTests\"\n";
		};
/* End PBXShellScriptBuildPhase section */

/* Begin PBXSourcesBuildPhase section */
		74D1F257157CAD1E000C056E /* Sources */ = {
			isa = PBXSourcesBuildPhase;
			buildActionMask = 2147483647;
			files = (
				74D1F26E157CAD1E000C056E /* main.m in Sources */,
				74D1F272157CAD1E000C056E /* AppDelegate.m in Sources */,
				74D1F27B157CAD1E000C056E /* test3.xcdatamodeld in Sources */,
				74D1F27E157CAD1E000C056E /* MasterViewController.m in Sources */,
				74D1F281157CAD1E000C056E /* DetailViewController.m in Sources */,
			);
			runOnlyForDeploymentPostprocessing = 0;
		};
		74D1F282157CAD1E000C056E /* Sources */ = {
			isa = PBXSourcesBuildPhase;
			buildActionMask = 2147483647;
			files = (
				74D1F297157CAD1E000C056E /* test3Tests.m in Sources */,
			);
			runOnlyForDeploymentPostprocessing = 0;
		};
/* End PBXSourcesBuildPhase section */

/* Begin PBXTargetDependency section */
		74D1F28E157CAD1E000C056E /* PBXTargetDependency */ = {
			isa = PBXTargetDependency;
			target = 74D1F25A157CAD1E000C056E /* test3 */;
			targetProxy = 74D1F28D157CAD1E000C056E /* PBXContainerItemProxy */;
		};
/* End PBXTargetDependency section */

/* Begin PBXVariantGroup section */
		74D1F26A157CAD1E000C056E /* InfoPlist.strings */ = {
			isa = PBXVariantGroup;
			children = (
				74D1F26B157CAD1E000C056E /* en */,
			);
			name = InfoPlist.strings;
			sourceTree = "<group>";
		};
		74D1F273157CAD1E000C056E /* MainStoryboard_iPhone.storyboard */ = {
			isa = PBXVariantGroup;
			children = (
				74D1F274157CAD1E000C056E /* en */,
			);
			name = MainStoryboard_iPhone.storyboard;
			sourceTree = "<group>";
		};
		74D1F276157CAD1E000C056E /* MainStoryboard_iPad.storyboard */ = {
			isa = PBXVariantGroup;
			children = (
				74D1F277157CAD1E000C056E /* en */,
			);
			name = MainStoryboard_iPad.storyboard;
			sourceTree = "<group>";
		};
		74D1F292157CAD1E000C056E /* InfoPlist.strings */ = {
			isa = PBXVariantGroup;
			children = (
				74D1F293157CAD1E000C056E /* en */,
			);
			name = InfoPlist.strings;
			sourceTree = "<group>";
		};
/* End PBXVariantGroup section */

/* Begin XCBuildConfiguration section */
		74D1F298157CAD1E000C056E /* Debug */ = {
			isa = XCBuildConfiguration;
			buildSettings = {
				ALWAYS_SEARCH_USER_PATHS = NO;
				ARCHS = "$(ARCHS_STANDARD_32_BIT)";
				CLANG_ENABLE_OBJC_ARC = YES;
				"CODE_SIGN_IDENTITY[sdk=iphoneos*]" = "iPhone Developer";
				COPY_PHASE_STRIP = NO;
				GCC_C_LANGUAGE_STANDARD = gnu99;
				GCC_DYNAMIC_NO_PIC = NO;
				GCC_OPTIMIZATION_LEVEL = 0;
				GCC_PREPROCESSOR_DEFINITIONS = (
					"DEBUG=1",
					"$(inherited)",
				);
				GCC_SYMBOLS_PRIVATE_EXTERN = NO;
				GCC_VERSION = com.apple.compilers.llvm.clang.1_0;
				GCC_WARN_ABOUT_MISSING_PROTOTYPES = YES;
				GCC_WARN_ABOUT_RETURN_TYPE = YES;
				GCC_WARN_UNUSED_VARIABLE = YES;
				IPHONEOS_DEPLOYMENT_TARGET = 5.0;
				SDKROOT = iphoneos;
				TARGETED_DEVICE_FAMILY = "1,2";
			};
			name = Debug;
		};
		74D1F299157CAD1E000C056E /* Release */ = {
			isa = XCBuildConfiguration;
			buildSettings = {
				ALWAYS_SEARCH_USER_PATHS = NO;
				ARCHS = "$(ARCHS_STANDARD_32_BIT)";
				CLANG_ENABLE_OBJC_ARC = YES;
				"CODE_SIGN_IDENTITY[sdk=iphoneos*]" = "iPhone Developer";
				COPY_PHASE_STRIP = YES;
				GCC_C_LANGUAGE_STANDARD = gnu99;
				GCC_VERSION = com.apple.compilers.llvm.clang.1_0;
				GCC_WARN_ABOUT_MISSING_PROTOTYPES = YES;
				GCC_WARN_ABOUT_RETURN_TYPE = YES;
				GCC_WARN_UNUSED_VARIABLE = YES;
				IPHONEOS_DEPLOYMENT_TARGET = 5.0;
				OTHER_CFLAGS = "-DNS_BLOCK_ASSERTIONS=1";
				SDKROOT = iphoneos;
				TARGETED_DEVICE_FAMILY = "1,2";
				VALIDATE_PRODUCT = YES;
			};
			name = Release;
		};
		74D1F29B157CAD1E000C056E /* Debug */ = {
			isa = XCBuildConfiguration;
			buildSettings = {
				GCC_PRECOMPILE_PREFIX_HEADER = YES;
				GCC_PREFIX_HEADER = "test3/test3-Prefix.pch";
				INFOPLIST_FILE = "test3/test3-Info.plist";
				PRODUCT_NAME = "$(TARGET_NAME)";
				WRAPPER_EXTENSION = app;
			};
			name = Debug;
		};
		74D1F29C157CAD1E000C056E /* Release */ = {
			isa = XCBuildConfiguration;
			buildSettings = {
				GCC_PRECOMPILE_PREFIX_HEADER = YES;
				GCC_PREFIX_HEADER = "test3/test3-Prefix.pch";
				INFOPLIST_FILE = "test3/test3-Info.plist";
				PRODUCT_NAME = "$(TARGET_NAME)";
				WRAPPER_EXTENSION = app;
			};
			name = Release;
		};
		74D1F29E157CAD1E000C056E /* Debug */ = {
			isa = XCBuildConfiguration;
			buildSettings = {
				BUNDLE_LOADER = "$(BUILT_PRODUCTS_DIR)/test3.app/test3";
				FRAMEWORK_SEARCH_PATHS = (
					"$(SDKROOT)/Developer/Library/Frameworks",
					"$(DEVELOPER_LIBRARY_DIR)/Frameworks",
				);
				GCC_PRECOMPILE_PREFIX_HEADER = YES;
				GCC_PREFIX_HEADER = "test3/test3-Prefix.pch";
				INFOPLIST_FILE = "test3Tests/test3Tests-Info.plist";
				PRODUCT_NAME = "$(TARGET_NAME)";
				TEST_HOST = "$(BUNDLE_LOADER)";
				WRAPPER_EXTENSION = octest;
			};
			name = Debug;
		};
		74D1F29F157CAD1E000C056E /* Release */ = {
			isa = XCBuildConfiguration;
			buildSettings = {
				BUNDLE_LOADER = "$(BUILT_PRODUCTS_DIR)/test3.app/test3";
				FRAMEWORK_SEARCH_PATHS = (
					"$(SDKROOT)/Developer/Library/Frameworks",
					"$(DEVELOPER_LIBRARY_DIR)/Frameworks",
				);
				GCC_PRECOMPILE_PREFIX_HEADER = YES;
				GCC_PREFIX_HEADER = "test3/test3-Prefix.pch";
				INFOPLIST_FILE = "test3Tests/test3Tests-Info.plist";
				PRODUCT_NAME = "$(TARGET_NAME)";
				TEST_HOST = "$(BUNDLE_LOADER)";
				WRAPPER_EXTENSION = octest;
			};
			name = Release;
		};
/* End XCBuildConfiguration section */

/* Begin XCConfigurationList section */
		74D1F255157CAD1D000C056E /* Build configuration list for PBXProject "test3" */ = {
			isa = XCConfigurationList;
			buildConfigurations = (
				74D1F298157CAD1E000C056E /* Debug */,
				74D1F299157CAD1E000C056E /* Release */,
			);
			defaultConfigurationIsVisible = 0;
			defaultConfigurationName = Release;
		};
		74D1F29A157CAD1E000C056E /* Build configuration list for PBXNativeTarget "test3" */ = {
			isa = XCConfigurationList;
			buildConfigurations = (
				74D1F29B157CAD1E000C056E /* Debug */,
				74D1F29C157CAD1E000C056E /* Release */,
			);
			defaultConfigurationIsVisible = 0;
		};
		74D1F29D157CAD1E000C056E /* Build configuration list for PBXNativeTarget "test3Tests" */ = {
			isa = XCConfigurationList;
			buildConfigurations = (
				74D1F29E157CAD1E000C056E /* Debug */,
				74D1F29F157CAD1E000C056E /* Release */,
			);
			defaultConfigurationIsVisible = 0;
		};
/* End XCConfigurationList section */

/* Begin XCVersionGroup section */
		74D1F279157CAD1E000C056E /* test3.xcdatamodeld */ = {
			isa = XCVersionGroup;
			children = (
				74D1F27A157CAD1E000C056E /* test3.xcdatamodel */,
			);
			currentVersion = 74D1F27A157CAD1E000C056E /* test3.xcdatamodel */;
			path = test3.xcdatamodeld;
			sourceTree = "<group>";
			versionGroupType = wrapper.xcdatamodel;
		};
/* End XCVersionGroup section */
	};
	rootObject = 74D1F252157CAD1D000C056E /* Project object */;
}
