// !$*UTF8*$!
{
	archiveVersion = 1;
	classes = {
	};
	objectVersion = 46;
	objects = {

/* Begin PBXBuildFile section */
		74AE1CB81593086000441667 /* UIKit.framework in Frameworks */ = {isa = PBXBuildFile; fileRef = 74AE1CB71593086000441667 /* UIKit.framework */; };
		74AE1CBA1593086000441667 /* Foundation.framework in Frameworks */ = {isa = PBXBuildFile; fileRef = 74AE1CB91593086000441667 /* Foundation.framework */; };
		74AE1CBC1593086000441667 /* CoreGraphics.framework in Frameworks */ = {isa = PBXBuildFile; fileRef = 74AE1CBB1593086000441667 /* CoreGraphics.framework */; };
		74AE1CBE1593086000441667 /* CoreData.framework in Frameworks */ = {isa = PBXBuildFile; fileRef = 74AE1CBD1593086000441667 /* CoreData.framework */; };
		74AE1CC41593086000441667 /* InfoPlist.strings in Resources */ = {isa = PBXBuildFile; fileRef = 74AE1CC21593086000441667 /* InfoPlist.strings */; };
		74AE1CC61593086000441667 /* main.m in Sources */ = {isa = PBXBuildFile; fileRef = 74AE1CC51593086000441667 /* main.m */; };
		74AE1CCA1593086100441667 /* AppDelegate.m in Sources */ = {isa = PBXBuildFile; fileRef = 74AE1CC91593086100441667 /* AppDelegate.m */; };
		74AE1CCD1593086100441667 /* MainStoryboard_iPhone.storyboard in Resources */ = {isa = PBXBuildFile; fileRef = 74AE1CCB1593086100441667 /* MainStoryboard_iPhone.storyboard */; };
		74AE1CD01593086100441667 /* MainStoryboard_iPad.storyboard in Resources */ = {isa = PBXBuildFile; fileRef = 74AE1CCE1593086100441667 /* MainStoryboard_iPad.storyboard */; };
		74AE1CD31593086100441667 /* test4.xcdatamodeld in Sources */ = {isa = PBXBuildFile; fileRef = 74AE1CD11593086100441667 /* test4.xcdatamodeld */; };
		74AE1CD61593086100441667 /* MasterViewController.m in Sources */ = {isa = PBXBuildFile; fileRef = 74AE1CD51593086100441667 /* MasterViewController.m */; };
		74AE1CD91593086100441667 /* DetailViewController.m in Sources */ = {isa = PBXBuildFile; fileRef = 74AE1CD81593086100441667 /* DetailViewController.m */; };
		74AE1CE11593086100441667 /* SenTestingKit.framework in Frameworks */ = {isa = PBXBuildFile; fileRef = 74AE1CE01593086100441667 /* SenTestingKit.framework */; };
		74AE1CE21593086100441667 /* UIKit.framework in Frameworks */ = {isa = PBXBuildFile; fileRef = 74AE1CB71593086000441667 /* UIKit.framework */; };
		74AE1CE31593086100441667 /* Foundation.framework in Frameworks */ = {isa = PBXBuildFile; fileRef = 74AE1CB91593086000441667 /* Foundation.framework */; };
		74AE1CE41593086100441667 /* CoreData.framework in Frameworks */ = {isa = PBXBuildFile; fileRef = 74AE1CBD1593086000441667 /* CoreData.framework */; };
		74AE1CEC1593086200441667 /* InfoPlist.strings in Resources */ = {isa = PBXBuildFile; fileRef = 74AE1CEA1593086200441667 /* InfoPlist.strings */; };
		74AE1CEF1593086200441667 /* test4Tests.m in Sources */ = {isa = PBXBuildFile; fileRef = 74AE1CEE1593086200441667 /* test4Tests.m */; };
/* End PBXBuildFile section */

/* Begin PBXContainerItemProxy section */
		74AE1CE51593086100441667 /* PBXContainerItemProxy */ = {
			isa = PBXContainerItemProxy;
			containerPortal = 74AE1CAA1593086000441667 /* Project object */;
			proxyType = 1;
			remoteGlobalIDString = 74AE1CB21593086000441667;
			remoteInfo = test4;
		};
/* End PBXContainerItemProxy section */

/* Begin PBXFileReference section */
		74AE1CB31593086000441667 /* test4.app */ = {isa = PBXFileReference; explicitFileType = wrapper.application; includeInIndex = 0; path = test4.app; sourceTree = BUILT_PRODUCTS_DIR; };
		74AE1CB71593086000441667 /* UIKit.framework */ = {isa = PBXFileReference; lastKnownFileType = wrapper.framework; name = UIKit.framework; path = System/Library/Frameworks/UIKit.framework; sourceTree = SDKROOT; };
		74AE1CB91593086000441667 /* Foundation.framework */ = {isa = PBXFileReference; lastKnownFileType = wrapper.framework; name = Foundation.framework; path = System/Library/Frameworks/Foundation.framework; sourceTree = SDKROOT; };
		74AE1CBB1593086000441667 /* CoreGraphics.framework */ = {isa = PBXFileReference; lastKnownFileType = wrapper.framework; name = CoreGraphics.framework; path = System/Library/Frameworks/CoreGraphics.framework; sourceTree = SDKROOT; };
		74AE1CBD1593086000441667 /* CoreData.framework */ = {isa = PBXFileReference; lastKnownFileType = wrapper.framework; name = CoreData.framework; path = System/Library/Frameworks/CoreData.framework; sourceTree = SDKROOT; };
		74AE1CC11593086000441667 /* test4-Info.plist */ = {isa = PBXFileReference; path = "test4-Info.plist"; sourceTree = "<group>"; };
		74AE1CC31593086000441667 /* en */ = {isa = PBXFileReference; lastKnownFileType = text.plist.strings; name = en; path = en.lproj/InfoPlist.strings; sourceTree = "<group>"; };
		74AE1CC51593086000441667 /* main.m */ = {isa = PBXFileReference; lastKnownFileType = sourcecode.c.objc; path = main.m; sourceTree = "<group>"; };
		74AE1CC71593086000441667 /* test4-Prefix.pch */ = {isa = PBXFileReference; path = "test4-Prefix.pch"; sourceTree = "<group>"; };
		74AE1CC81593086100441667 /* AppDelegate.h */ = {isa = PBXFileReference; path = AppDelegate.h; sourceTree = "<group>"; };
		74AE1CC91593086100441667 /* AppDelegate.m */ = {isa = PBXFileReference; lastKnownFileType = sourcecode.c.objc; path = AppDelegate.m; sourceTree = "<group>"; };
		74AE1CCC1593086100441667 /* en */ = {isa = PBXFileReference; lastKnownFileType = file.storyboard; name = en; path = en.lproj/MainStoryboard_iPhone.storyboard; sourceTree = "<group>"; };
		74AE1CCF1593086100441667 /* en */ = {isa = PBXFileReference; lastKnownFileType = file.storyboard; name = en; path = en.lproj/MainStoryboard_iPad.storyboard; sourceTree = "<group>"; };
		74AE1CD21593086100441667 /* test4.xcdatamodel */ = {isa = PBXFileReference; lastKnownFileType = wrapper.xcdatamodel; path = test4.xcdatamodel; sourceTree = "<group>"; };
		74AE1CD41593086100441667 /* MasterViewController.h */ = {isa = PBXFileReference; path = MasterViewController.h; sourceTree = "<group>"; };
		74AE1CD51593086100441667 /* MasterViewController.m */ = {isa = PBXFileReference; lastKnownFileType = sourcecode.c.objc; path = MasterViewController.m; sourceTree = "<group>"; };
		74AE1CD71593086100441667 /* DetailViewController.h */ = {isa = PBXFileReference; path = DetailViewController.h; sourceTree = "<group>"; };
		74AE1CD81593086100441667 /* DetailViewController.m */ = {isa = PBXFileReference; lastKnownFileType = sourcecode.c.objc; path = DetailViewController.m; sourceTree = "<group>"; };
		74AE1CDF1593086100441667 /* test4Tests.octest */ = {isa = PBXFileReference; explicitFileType = wrapper.cfbundle; includeInIndex = 0; path = test4Tests.octest; sourceTree = BUILT_PRODUCTS_DIR; };
		74AE1CE01593086100441667 /* SenTestingKit.framework */ = {isa = PBXFileReference; lastKnownFileType = wrapper.framework; name = SenTestingKit.framework; path = Library/Frameworks/SenTestingKit.framework; sourceTree = DEVELOPER_DIR; };
		74AE1CE91593086200441667 /* test4Tests-Info.plist */ = {isa = PBXFileReference; path = "test4Tests-Info.plist"; sourceTree = "<group>"; };
		74AE1CEB1593086200441667 /* en */ = {isa = PBXFileReference; lastKnownFileType = text.plist.strings; name = en; path = en.lproj/InfoPlist.strings; sourceTree = "<group>"; };
		74AE1CED1593086200441667 /* test4Tests.h */ = {isa = PBXFileReference; path = test4Tests.h; sourceTree = "<group>"; };
		74AE1CEE1593086200441667 /* test4Tests.m */ = {isa = PBXFileReference; lastKnownFileType = sourcecode.c.objc; path = test4Tests.m; sourceTree = "<group>"; };
/* End PBXFileReference section */

/* Begin PBXFrameworksBuildPhase section */
		74AE1CB01593086000441667 /* Frameworks */ = {
			isa = PBXFrameworksBuildPhase;
			buildActionMask = 2147483647;
			files = (
				74AE1CB81593086000441667 /* UIKit.framework in Frameworks */,
				74AE1CBA1593086000441667 /* Foundation.framework in Frameworks */,
				74AE1CBC1593086000441667 /* CoreGraphics.framework in Frameworks */,
				74AE1CBE1593086000441667 /* CoreData.framework in Frameworks */,
			);
			runOnlyForDeploymentPostprocessing = 0;
		};
		74AE1CDB1593086100441667 /* Frameworks */ = {
			isa = PBXFrameworksBuildPhase;
			buildActionMask = 2147483647;
			files = (
				74AE1CE11593086100441667 /* SenTestingKit.framework in Frameworks */,
				74AE1CE21593086100441667 /* UIKit.framework in Frameworks */,
				74AE1CE31593086100441667 /* Foundation.framework in Frameworks */,
				74AE1CE41593086100441667 /* CoreData.framework in Frameworks */,
			);
			runOnlyForDeploymentPostprocessing = 0;
		};
/* End PBXFrameworksBuildPhase section */

/* Begin PBXGroup section */
		74AE1CA81593086000441667 = {
			isa = PBXGroup;
			children = (
				74AE1CBF1593086000441667 /* test4 */,
				74AE1CE71593086100441667 /* test4Tests */,
				74AE1CB61593086000441667 /* Frameworks */,
				74AE1CB41593086000441667 /* Products */,
			);
			sourceTree = "<group>";
		};
		74AE1CB41593086000441667 /* Products */ = {
			isa = PBXGroup;
			children = (
				74AE1CB31593086000441667 /* test4.app */,
				74AE1CDF1593086100441667 /* test4Tests.octest */,
			);
			name = Products;
			sourceTree = "<group>";
		};
		74AE1CB61593086000441667 /* Frameworks */ = {
			isa = PBXGroup;
			children = (
				74AE1CB71593086000441667 /* UIKit.framework */,
				74AE1CB91593086000441667 /* Foundation.framework */,
				74AE1CBB1593086000441667 /* CoreGraphics.framework */,
				74AE1CBD1593086000441667 /* CoreData.framework */,
				74AE1CE01593086100441667 /* SenTestingKit.framework */,
			);
			name = Frameworks;
			sourceTree = "<group>";
		};
		74AE1CBF1593086000441667 /* test4 */ = {
			isa = PBXGroup;
			children = (
				74AE1CC81593086100441667 /* AppDelegate.h */,
				74AE1CC91593086100441667 /* AppDelegate.m */,
				74AE1CCB1593086100441667 /* MainStoryboard_iPhone.storyboard */,
				74AE1CCE1593086100441667 /* MainStoryboard_iPad.storyboard */,
				74AE1CD41593086100441667 /* MasterViewController.h */,
				74AE1CD51593086100441667 /* MasterViewController.m */,
				74AE1CD71593086100441667 /* DetailViewController.h */,
				74AE1CD81593086100441667 /* DetailViewController.m */,
				74AE1CD11593086100441667 /* test4.xcdatamodeld */,
				74AE1CC01593086000441667 /* Supporting Files */,
			);
			path = test4;
			sourceTree = "<group>";
		};
		74AE1CC01593086000441667 /* Supporting Files */ = {
			isa = PBXGroup;
			children = (
				74AE1CC11593086000441667 /* test4-Info.plist */,
				74AE1CC21593086000441667 /* InfoPlist.strings */,
				74AE1CC51593086000441667 /* main.m */,
				74AE1CC71593086000441667 /* test4-Prefix.pch */,
			);
			name = "Supporting Files";
			sourceTree = "<group>";
		};
		74AE1CE71593086100441667 /* test4Tests */ = {
			isa = PBXGroup;
			children = (
				74AE1CED1593086200441667 /* test4Tests.h */,
				74AE1CEE1593086200441667 /* test4Tests.m */,
				74AE1CE81593086200441667 /* Supporting Files */,
			);
			path = test4Tests;
			sourceTree = "<group>";
		};
		74AE1CE81593086200441667 /* Supporting Files */ = {
			isa = PBXGroup;
			children = (
				74AE1CE91593086200441667 /* test4Tests-Info.plist */,
				74AE1CEA1593086200441667 /* InfoPlist.strings */,
			);
			name = "Supporting Files";
			sourceTree = "<group>";
		};
/* End PBXGroup section */

/* Begin PBXNativeTarget section */
		74AE1CB21593086000441667 /* test4 */ = {
			isa = PBXNativeTarget;
			buildConfigurationList = 74AE1CF21593086200441667 /* Build configuration list for PBXNativeTarget "test4" */;
			buildPhases = (
				74AE1CAF1593086000441667 /* Sources */,
				74AE1CB01593086000441667 /* Frameworks */,
				74AE1CB11593086000441667 /* Resources */,
			);
			buildRules = (
			);
			dependencies = (
			);
			name = test4;
			productName = test4;
			productReference = 74AE1CB31593086000441667 /* test4.app */;
			productType = "com.apple.product-type.application";
		};
		74AE1CDE1593086100441667 /* test4Tests */ = {
			isa = PBXNativeTarget;
			buildConfigurationList = 74AE1CF51593086200441667 /* Build configuration list for PBXNativeTarget "test4Tests" */;
			buildPhases = (
				74AE1CDA1593086100441667 /* Sources */,
				74AE1CDB1593086100441667 /* Frameworks */,
				74AE1CDC1593086100441667 /* Resources */,
				74AE1CDD1593086100441667 /* ShellScript */,
			);
			buildRules = (
			);
			dependencies = (
				74AE1CE61593086100441667 /* PBXTargetDependency */,
			);
			name = test4Tests;
			productName = test4Tests;
			productReference = 74AE1CDF1593086100441667 /* test4Tests.octest */;
			productType = "com.apple.product-type.bundle";
		};
/* End PBXNativeTarget section */

/* Begin PBXProject section */
		74AE1CAA1593086000441667 /* Project object */ = {
			isa = PBXProject;
			attributes = {
				LastUpgradeCheck = 0430;
				ORGANIZATIONNAME = none;
			};
			buildConfigurationList = 74AE1CAD1593086000441667 /* Build configuration list for PBXProject "test4" */;
			compatibilityVersion = "Xcode 3.2";
			developmentRegion = English;
			hasScannedForEncodings = 0;
			knownRegions = (
				en,
			);
			mainGroup = 74AE1CA81593086000441667;
			productRefGroup = 74AE1CB41593086000441667 /* Products */;
			projectDirPath = "";
			projectRoot = "";
			targets = (
				74AE1CB21593086000441667 /* test4 */,
				74AE1CDE1593086100441667 /* test4Tests */,
			);
		};
/* End PBXProject section */

/* Begin PBXResourcesBuildPhase section */
		74AE1CB11593086000441667 /* Resources */ = {
			isa = PBXResourcesBuildPhase;
			buildActionMask = 2147483647;
			files = (
				74AE1CC41593086000441667 /* InfoPlist.strings in Resources */,
				74AE1CCD1593086100441667 /* MainStoryboard_iPhone.storyboard in Resources */,
				74AE1CD01593086100441667 /* MainStoryboard_iPad.storyboard in Resources */,
			);
			runOnlyForDeploymentPostprocessing = 0;
		};
		74AE1CDC1593086100441667 /* Resources */ = {
			isa = PBXResourcesBuildPhase;
			buildActionMask = 2147483647;
			files = (
				74AE1CEC1593086200441667 /* InfoPlist.strings in Resources */,
			);
			runOnlyForDeploymentPostprocessing = 0;
		};
/* End PBXResourcesBuildPhase section */

/* Begin PBXShellScriptBuildPhase section */
		74AE1CDD1593086100441667 /* ShellScript */ = {
			isa = PBXShellScriptBuildPhase;
			buildActionMask = 2147483647;
			files = (
			);
			inputPaths = (
			);
			outputPaths = (
			);
			runOnlyForDeploymentPostprocessing = 0;
			shellPath = /bin/sh;
			shellScript = "# Run the unit tests in this test bundle.\n\"${SYSTEM_DEVELOPER_DIR}/Tools/RunUnitTests\"\n";
		};
/* End PBXShellScriptBuildPhase section */

/* Begin PBXSourcesBuildPhase section */
		74AE1CAF1593086000441667 /* Sources */ = {
			isa = PBXSourcesBuildPhase;
			buildActionMask = 2147483647;
			files = (
				74AE1CC61593086000441667 /* main.m in Sources */,
				74AE1CCA1593086100441667 /* AppDelegate.m in Sources */,
				74AE1CD31593086100441667 /* test4.xcdatamodeld in Sources */,
				74AE1CD61593086100441667 /* MasterViewController.m in Sources */,
				74AE1CD91593086100441667 /* DetailViewController.m in Sources */,
			);
			runOnlyForDeploymentPostprocessing = 0;
		};
		74AE1CDA1593086100441667 /* Sources */ = {
			isa = PBXSourcesBuildPhase;
			buildActionMask = 2147483647;
			files = (
				74AE1CEF1593086200441667 /* test4Tests.m in Sources */,
			);
			runOnlyForDeploymentPostprocessing = 0;
		};
/* End PBXSourcesBuildPhase section */

/* Begin PBXTargetDependency section */
		74AE1CE61593086100441667 /* PBXTargetDependency */ = {
			isa = PBXTargetDependency;
			target = 74AE1CB21593086000441667 /* test4 */;
			targetProxy = 74AE1CE51593086100441667 /* PBXContainerItemProxy */;
		};
/* End PBXTargetDependency section */

/* Begin PBXVariantGroup section */
		74AE1CC21593086000441667 /* InfoPlist.strings */ = {
			isa = PBXVariantGroup;
			children = (
				74AE1CC31593086000441667 /* en */,
			);
			name = InfoPlist.strings;
			sourceTree = "<group>";
		};
		74AE1CCB1593086100441667 /* MainStoryboard_iPhone.storyboard */ = {
			isa = PBXVariantGroup;
			children = (
				74AE1CCC1593086100441667 /* en */,
			);
			name = MainStoryboard_iPhone.storyboard;
			sourceTree = "<group>";
		};
		74AE1CCE1593086100441667 /* MainStoryboard_iPad.storyboard */ = {
			isa = PBXVariantGroup;
			children = (
				74AE1CCF1593086100441667 /* en */,
			);
			name = MainStoryboard_iPad.storyboard;
			sourceTree = "<group>";
		};
		74AE1CEA1593086200441667 /* InfoPlist.strings */ = {
			isa = PBXVariantGroup;
			children = (
				74AE1CEB1593086200441667 /* en */,
			);
			name = InfoPlist.strings;
			sourceTree = "<group>";
		};
/* End PBXVariantGroup section */

/* Begin XCBuildConfiguration section */
		74AE1CF01593086200441667 /* Debug */ = {
			isa = XCBuildConfiguration;
			buildSettings = {
				ALWAYS_SEARCH_USER_PATHS = NO;
				ARCHS = "$(ARCHS_STANDARD_32_BIT)";
				CLANG_ENABLE_OBJC_ARC = YES;
				"CODE_SIGN_IDENTITY[sdk=iphoneos*]" = "iPhone Developer";
				COPY_PHASE_STRIP = NO;
				GCC_C_LANGUAGE_STANDARD = gnu99;
				GCC_DYNAMIC_NO_PIC = NO;
				GCC_OPTIMIZATION_LEVEL = 0;
				GCC_PREPROCESSOR_DEFINITIONS = (
					"DEBUG=1",
					"$(inherited)",
				);
				GCC_SYMBOLS_PRIVATE_EXTERN = NO;
				GCC_VERSION = com.apple.compilers.llvm.clang.1_0;
				GCC_WARN_ABOUT_RETURN_TYPE = YES;
				GCC_WARN_UNINITIALIZED_AUTOS = YES;
				GCC_WARN_UNUSED_VARIABLE = YES;
				IPHONEOS_DEPLOYMENT_TARGET = 5.1;
				SDKROOT = iphoneos;
				TARGETED_DEVICE_FAMILY = "1,2";
			};
			name = Debug;
		};
		74AE1CF11593086200441667 /* Release */ = {
			isa = XCBuildConfiguration;
			buildSettings = {
				ALWAYS_SEARCH_USER_PATHS = NO;
				ARCHS = "$(ARCHS_STANDARD_32_BIT)";
				CLANG_ENABLE_OBJC_ARC = YES;
				"CODE_SIGN_IDENTITY[sdk=iphoneos*]" = "iPhone Developer";
				COPY_PHASE_STRIP = YES;
				GCC_C_LANGUAGE_STANDARD = gnu99;
				GCC_VERSION = com.apple.compilers.llvm.clang.1_0;
				GCC_WARN_ABOUT_RETURN_TYPE = YES;
				GCC_WARN_UNINITIALIZED_AUTOS = YES;
				GCC_WARN_UNUSED_VARIABLE = YES;
				IPHONEOS_DEPLOYMENT_TARGET = 5.1;
				OTHER_CFLAGS = "-DNS_BLOCK_ASSERTIONS=1";
				SDKROOT = iphoneos;
				TARGETED_DEVICE_FAMILY = "1,2";
				VALIDATE_PRODUCT = YES;
			};
			name = Release;
		};
		74AE1CF31593086200441667 /* Debug */ = {
			isa = XCBuildConfiguration;
			buildSettings = {
				GCC_PRECOMPILE_PREFIX_HEADER = YES;
				GCC_PREFIX_HEADER = "test4/test4-Prefix.pch";
				INFOPLIST_FILE = "test4/test4-Info.plist";
				PRODUCT_NAME = "$(TARGET_NAME)";
				WRAPPER_EXTENSION = app;
			};
			name = Debug;
		};
		74AE1CF41593086200441667 /* Release */ = {
			isa = XCBuildConfiguration;
			buildSettings = {
				GCC_PRECOMPILE_PREFIX_HEADER = YES;
				GCC_PREFIX_HEADER = "test4/test4-Prefix.pch";
				INFOPLIST_FILE = "test4/test4-Info.plist";
				PRODUCT_NAME = "$(TARGET_NAME)";
				WRAPPER_EXTENSION = app;
			};
			name = Release;
		};
		74AE1CF61593086200441667 /* Debug */ = {
			isa = XCBuildConfiguration;
			buildSettings = {
				BUNDLE_LOADER = "$(BUILT_PRODUCTS_DIR)/test4.app/test4";
				FRAMEWORK_SEARCH_PATHS = (
					"$(SDKROOT)/Developer/Library/Frameworks",
					"$(DEVELOPER_LIBRARY_DIR)/Frameworks",
				);
				GCC_PRECOMPILE_PREFIX_HEADER = YES;
				GCC_PREFIX_HEADER = "test4/test4-Prefix.pch";
				INFOPLIST_FILE = "test4Tests/test4Tests-Info.plist";
				PRODUCT_NAME = "$(TARGET_NAME)";
				TEST_HOST = "$(BUNDLE_LOADER)";
				WRAPPER_EXTENSION = octest;
			};
			name = Debug;
		};
		74AE1CF71593086200441667 /* Release */ = {
			isa = XCBuildConfiguration;
			buildSettings = {
				BUNDLE_LOADER = "$(BUILT_PRODUCTS_DIR)/test4.app/test4";
				FRAMEWORK_SEARCH_PATHS = (
					"$(SDKROOT)/Developer/Library/Frameworks",
					"$(DEVELOPER_LIBRARY_DIR)/Frameworks",
				);
				GCC_PRECOMPILE_PREFIX_HEADER = YES;
				GCC_PREFIX_HEADER = "test4/test4-Prefix.pch";
				INFOPLIST_FILE = "test4Tests/test4Tests-Info.plist";
				PRODUCT_NAME = "$(TARGET_NAME)";
				TEST_HOST = "$(BUNDLE_LOADER)";
				WRAPPER_EXTENSION = octest;
			};
			name = Release;
		};
/* End XCBuildConfiguration section */

/* Begin XCConfigurationList section */
		74AE1CAD1593086000441667 /* Build configuration list for PBXProject "test4" */ = {
			isa = XCConfigurationList;
			buildConfigurations = (
				74AE1CF01593086200441667 /* Debug */,
				74AE1CF11593086200441667 /* Release */,
			);
			defaultConfigurationIsVisible = 0;
			defaultConfigurationName = Release;
		};
		74AE1CF21593086200441667 /* Build configuration list for PBXNativeTarget "test4" */ = {
			isa = XCConfigurationList;
			buildConfigurations = (
				74AE1CF31593086200441667 /* Debug */,
				74AE1CF41593086200441667 /* Release */,
			);
			defaultConfigurationIsVisible = 0;
		};
		74AE1CF51593086200441667 /* Build configuration list for PBXNativeTarget "test4Tests" */ = {
			isa = XCConfigurationList;
			buildConfigurations = (
				74AE1CF61593086200441667 /* Debug */,
				74AE1CF71593086200441667 /* Release */,
			);
			defaultConfigurationIsVisible = 0;
		};
/* End XCConfigurationList section */

/* Begin XCVersionGroup section */
		74AE1CD11593086100441667 /* test4.xcdatamodeld */ = {
			isa = XCVersionGroup;
			children = (
				74AE1CD21593086100441667 /* test4.xcdatamodel */,
			);
			currentVersion = 74AE1CD21593086100441667 /* test4.xcdatamodel */;
			path = test4.xcdatamodeld;
			sourceTree = "<group>";
			versionGroupType = wrapper.xcdatamodel;
		};
/* End XCVersionGroup section */
	};
	rootObject = 74AE1CAA1593086000441667 /* Project object */;
}
